
Microsoft Visual Studio Solution File, Format Version 12.00
# Visual Studio Version 17
VisualStudioVersion = 17.11.35208.52
MinimumVisualStudioVersion = 10.0.40219.1
Project("{9A19103F-16F7-4668-BE54-9A1E7A4F7556}") = "Slot1", "Slot1\Slot1.csproj", "{009676C1-9959-4FD6-84B7-686932EB38A4}"
EndProject
Project("{9A19103F-16F7-4668-BE54-9A1E7A4F7556}") = "Slot2", "Slot2\Slot2.csproj", "{D51E36B7-AF55-4F90-A12A-91CC2A3DF785}"
EndProject
Project("{9A19103F-16F7-4668-BE54-9A1E7A4F7556}") = "Slot3", "Slot3\Slot3.csproj", "{293301BA-9564-43A5-89C4-6C7F6138BADF}"
EndProject
Project("{9A19103F-16F7-4668-BE54-9A1E7A4F7556}") = "BT2", "BT2\BT2.csproj", "{832C4D19-769F-426F-B871-4BE7C48ADB9B}"
EndProject
Project("{9A19103F-16F7-4668-BE54-9A1E7A4F7556}") = "Slot4", "Slot4\Slot4.csproj", "{67E197A2-053E-4717-9E3E-5EE8782FDB72}"
EndProject
Project("{9A19103F-16F7-4668-BE54-9A1E7A4F7556}") = "Slot4_1_CRUD_Practice", "Slot4_1_CRUD_Practice\Slot4_1_CRUD_Practice.csproj", "{CC926821-D0C1-4092-9065-66D18CD4D9C9}"
EndProject
Global
	GlobalSection(SolutionConfigurationPlatforms) = preSolution
		Debug|Any CPU = Debug|Any CPU
		Release|Any CPU = Release|Any CPU
	EndGlobalSection
	GlobalSection(ProjectConfigurationPlatforms) = postSolution
		{009676C1-9959-4FD6-84B7-686932EB38A4}.Debug|Any CPU.ActiveCfg = Debug|Any CPU
		{009676C1-9959-4FD6-84B7-686932EB38A4}.Debug|Any CPU.Build.0 = Debug|Any CPU
		{009676C1-9959-4FD6-84B7-686932EB38A4}.Release|Any CPU.ActiveCfg = Release|Any CPU
		{009676C1-9959-4FD6-84B7-686932EB38A4}.Release|Any CPU.Build.0 = Release|Any CPU
		{D51E36B7-AF55-4F90-A12A-91CC2A3DF785}.Debug|Any CPU.ActiveCfg = Debug|Any CPU
		{D51E36B7-AF55-4F90-A12A-91CC2A3DF785}.Debug|Any CPU.Build.0 = Debug|Any CPU
		{D51E36B7-AF55-4F90-A12A-91CC2A3DF785}.Release|Any CPU.ActiveCfg = Release|Any CPU
		{D51E36B7-AF55-4F90-A12A-91CC2A3DF785}.Release|Any CPU.Build.0 = Release|Any CPU
		{293301BA-9564-43A5-89C4-6C7F6138BADF}.Debug|Any CPU.ActiveCfg = Debug|Any CPU
		{293301BA-9564-43A5-89C4-6C7F6138BADF}.Debug|Any CPU.Build.0 = Debug|Any CPU
		{293301BA-9564-43A5-89C4-6C7F6138BADF}.Release|Any CPU.ActiveCfg = Release|Any CPU
		{293301BA-9564-43A5-89C4-6C7F6138BADF}.Release|Any CPU.Build.0 = Release|Any CPU
		{832C4D19-769F-426F-B871-4BE7C48ADB9B}.Debug|Any CPU.ActiveCfg = Debug|Any CPU
		{832C4D19-769F-426F-B871-4BE7C48ADB9B}.Debug|Any CPU.Build.0 = Debug|Any CPU
		{832C4D19-769F-426F-B871-4BE7C48ADB9B}.Release|Any CPU.ActiveCfg = Release|Any CPU
		{832C4D19-769F-426F-B871-4BE7C48ADB9B}.Release|Any CPU.Build.0 = Release|Any CPU
		{67E197A2-053E-4717-9E3E-5EE8782FDB72}.Debug|Any CPU.ActiveCfg = Debug|Any CPU
		{67E197A2-053E-4717-9E3E-5EE8782FDB72}.Debug|Any CPU.Build.0 = Debug|Any CPU
		{67E197A2-053E-4717-9E3E-5EE8782FDB72}.Release|Any CPU.ActiveCfg = Release|Any CPU
		{67E197A2-053E-4717-9E3E-5EE8782FDB72}.Release|Any CPU.Build.0 = Release|Any CPU
		{CC926821-D0C1-4092-9065-66D18CD4D9C9}.Debug|Any CPU.ActiveCfg = Debug|Any CPU
		{CC926821-D0C1-4092-9065-66D18CD4D9C9}.Debug|Any CPU.Build.0 = Debug|Any CPU
		{CC926821-D0C1-4092-9065-66D18CD4D9C9}.Release|Any CPU.ActiveCfg = Release|Any CPU
		{CC926821-D0C1-4092-9065-66D18CD4D9C9}.Release|Any CPU.Build.0 = Release|Any CPU
	EndGlobalSection
	GlobalSection(SolutionProperties) = preSolution
		HideSolutionNode = FALSE
	EndGlobalSection
	GlobalSection(ExtensibilityGlobals) = postSolution
		SolutionGuid = {47C3CA8B-7DD5-41DF-B5C8-B9D51BB272D3}
	EndGlobalSection
EndGlobal
