
Microsoft Visual Studio Solution File, Format Version 12.00
# Visual Studio Version 17
VisualStudioVersion = 17.11.35312.102
MinimumVisualStudioVersion = 10.0.40219.1
Project("{FAE04EC0-301F-11D3-BF4B-00C04F79EFBC}") = "PE03", "PE03.csproj", "{E2125489-1BC1-49DB-8BD7-E42CA1FBE491}"
EndProject
Global
	GlobalSection(SolutionConfigurationPlatforms) = preSolution
		Debug|Any CPU = Debug|Any CPU
		Release|Any CPU = Release|Any CPU
	EndGlobalSection
	GlobalSection(ProjectConfigurationPlatforms) = postSolution
		{E2125489-1BC1-49DB-8BD7-E42CA1FBE491}.Debug|Any CPU.ActiveCfg = Debug|Any CPU
		{E2125489-1BC1-49DB-8BD7-E42CA1FBE491}.Debug|Any CPU.Build.0 = Debug|Any CPU
		{E2125489-1BC1-49DB-8BD7-E42CA1FBE491}.Release|Any CPU.ActiveCfg = Release|Any CPU
		{E2125489-1BC1-49DB-8BD7-E42CA1FBE491}.Release|Any CPU.Build.0 = Release|Any CPU
	EndGlobalSection
	GlobalSection(SolutionProperties) = preSolution
		HideSolutionNode = FALSE
	EndGlobalSection
	GlobalSection(ExtensibilityGlobals) = postSolution
		SolutionGuid = {77358F58-255C-448A-AC11-78F551CA672A}
	EndGlobalSection
EndGlobal
