
Microsoft Visual Studio Solution File, Format Version 12.00
# Visual Studio Version 17
VisualStudioVersion = 17.11.35312.102
MinimumVisualStudioVersion = 10.0.40219.1
Project("{FAE04EC0-301F-11D3-BF4B-00C04F79EFBC}") = "PE_SU24", "PE_SU24.csproj", "{CD270211-D22D-4FDB-BA3D-65A0236EFAC7}"
EndProject
Global
	GlobalSection(SolutionConfigurationPlatforms) = preSolution
		Debug|Any CPU = Debug|Any CPU
		Release|Any CPU = Release|Any CPU
	EndGlobalSection
	GlobalSection(ProjectConfigurationPlatforms) = postSolution
		{CD270211-D22D-4FDB-BA3D-65A0236EFAC7}.Debug|Any CPU.ActiveCfg = Debug|Any CPU
		{CD270211-D22D-4FDB-BA3D-65A0236EFAC7}.Debug|Any CPU.Build.0 = Debug|Any CPU
		{CD270211-D22D-4FDB-BA3D-65A0236EFAC7}.Release|Any CPU.ActiveCfg = Release|Any CPU
		{CD270211-D22D-4FDB-BA3D-65A0236EFAC7}.Release|Any CPU.Build.0 = Release|Any CPU
	EndGlobalSection
	GlobalSection(SolutionProperties) = preSolution
		HideSolutionNode = FALSE
	EndGlobalSection
	GlobalSection(ExtensibilityGlobals) = postSolution
		SolutionGuid = {A8C00271-36A6-4419-B2B1-D74C4B7D8B2E}
	EndGlobalSection
EndGlobal
