
Microsoft Visual Studio Solution File, Format Version 12.00
# Visual Studio Version 17
VisualStudioVersion = 17.11.35312.102
MinimumVisualStudioVersion = 10.0.40219.1
Project("{FAE04EC0-301F-11D3-BF4B-00C04F79EFBC}") = "PE05", "PE05.csproj", "{9A54790E-FC77-4E93-91F7-D8306F467D27}"
EndProject
Global
	GlobalSection(SolutionConfigurationPlatforms) = preSolution
		Debug|Any CPU = Debug|Any CPU
		Release|Any CPU = Release|Any CPU
	EndGlobalSection
	GlobalSection(ProjectConfigurationPlatforms) = postSolution
		{9A54790E-FC77-4E93-91F7-D8306F467D27}.Debug|Any CPU.ActiveCfg = Debug|Any CPU
		{9A54790E-FC77-4E93-91F7-D8306F467D27}.Debug|Any CPU.Build.0 = Debug|Any CPU
		{9A54790E-FC77-4E93-91F7-D8306F467D27}.Release|Any CPU.ActiveCfg = Release|Any CPU
		{9A54790E-FC77-4E93-91F7-D8306F467D27}.Release|Any CPU.Build.0 = Release|Any CPU
	EndGlobalSection
	GlobalSection(SolutionProperties) = preSolution
		HideSolutionNode = FALSE
	EndGlobalSection
	GlobalSection(ExtensibilityGlobals) = postSolution
		SolutionGuid = {6135DDF6-FFAE-41D6-840C-566497F0F5FD}
	EndGlobalSection
EndGlobal
